
Microsoft Visual Studio Solution File, Format Version 12.00
# Visual Studio Version 16
VisualStudioVersion = 16.0.28315.86
MinimumVisualStudioVersion = 10.0.40219.1
Project("{9A19103F-16F7-4668-BE54-9A1E7A4F7556}") = "01DayOfWeek", "01DayOfWeek\01DayOfWeek.csproj", "{26562F7A-CF54-4434-B9A8-DCB19189FAF6}"
EndProject
Project("{9A19103F-16F7-4668-BE54-9A1E7A4F7556}") = "02RandomizeWords", "02RandomizeWords\02RandomizeWords.csproj", "{0A62C728-D362-4E92-B031-885A8BC6C3A8}"
EndProject
Project("{9A19103F-16F7-4668-BE54-9A1E7A4F7556}") = "04Songs", "04Songs\04Songs.csproj", "{36BF4AC3-82F1-4571-B979-0222B74BAE47}"
EndProject
Project("{9A19103F-16F7-4668-BE54-9A1E7A4F7556}") = "05Students", "05Students\05Students.csproj", "{1E2148F7-06EF-4176-B230-2217B30C1C66}"
EndProject
Project("{FAE04EC0-301F-11D3-BF4B-00C04F79EFBC}") = "06Students2.0", "06Students2.0\06Students2.0.csproj", "{EA2B12CD-7553-4A2E-B33E-A0F954FD3E72}"
EndProject
Global
	GlobalSection(SolutionConfigurationPlatforms) = preSolution
		Debug|Any CPU = Debug|Any CPU
		Release|Any CPU = Release|Any CPU
	EndGlobalSection
	GlobalSection(ProjectConfigurationPlatforms) = postSolution
		{26562F7A-CF54-4434-B9A8-DCB19189FAF6}.Debug|Any CPU.ActiveCfg = Debug|Any CPU
		{26562F7A-CF54-4434-B9A8-DCB19189FAF6}.Debug|Any CPU.Build.0 = Debug|Any CPU
		{26562F7A-CF54-4434-B9A8-DCB19189FAF6}.Release|Any CPU.ActiveCfg = Release|Any CPU
		{26562F7A-CF54-4434-B9A8-DCB19189FAF6}.Release|Any CPU.Build.0 = Release|Any CPU
		{0A62C728-D362-4E92-B031-885A8BC6C3A8}.Debug|Any CPU.ActiveCfg = Debug|Any CPU
		{0A62C728-D362-4E92-B031-885A8BC6C3A8}.Debug|Any CPU.Build.0 = Debug|Any CPU
		{0A62C728-D362-4E92-B031-885A8BC6C3A8}.Release|Any CPU.ActiveCfg = Release|Any CPU
		{0A62C728-D362-4E92-B031-885A8BC6C3A8}.Release|Any CPU.Build.0 = Release|Any CPU
		{36BF4AC3-82F1-4571-B979-0222B74BAE47}.Debug|Any CPU.ActiveCfg = Debug|Any CPU
		{36BF4AC3-82F1-4571-B979-0222B74BAE47}.Debug|Any CPU.Build.0 = Debug|Any CPU
		{36BF4AC3-82F1-4571-B979-0222B74BAE47}.Release|Any CPU.ActiveCfg = Release|Any CPU
		{36BF4AC3-82F1-4571-B979-0222B74BAE47}.Release|Any CPU.Build.0 = Release|Any CPU
		{1E2148F7-06EF-4176-B230-2217B30C1C66}.Debug|Any CPU.ActiveCfg = Debug|Any CPU
		{1E2148F7-06EF-4176-B230-2217B30C1C66}.Debug|Any CPU.Build.0 = Debug|Any CPU
		{1E2148F7-06EF-4176-B230-2217B30C1C66}.Release|Any CPU.ActiveCfg = Release|Any CPU
		{1E2148F7-06EF-4176-B230-2217B30C1C66}.Release|Any CPU.Build.0 = Release|Any CPU
		{EA2B12CD-7553-4A2E-B33E-A0F954FD3E72}.Debug|Any CPU.ActiveCfg = Debug|Any CPU
		{EA2B12CD-7553-4A2E-B33E-A0F954FD3E72}.Debug|Any CPU.Build.0 = Debug|Any CPU
		{EA2B12CD-7553-4A2E-B33E-A0F954FD3E72}.Release|Any CPU.ActiveCfg = Release|Any CPU
		{EA2B12CD-7553-4A2E-B33E-A0F954FD3E72}.Release|Any CPU.Build.0 = Release|Any CPU
	EndGlobalSection
	GlobalSection(SolutionProperties) = preSolution
		HideSolutionNode = FALSE
	EndGlobalSection
	GlobalSection(ExtensibilityGlobals) = postSolution
		SolutionGuid = {F79E087F-3CC4-48FE-A547-E60E474D9F63}
	EndGlobalSection
EndGlobal
